
Microsoft Visual Studio Solution File, Format Version 11.00
# Visual Studio 2010
Project("{8BC9CEB8-8B4A-11D0-8D11-00A0C91BC942}") = "c3d+singleCell", "c3d+singleCell.vcxproj", "{D25C60DE-6929-9C90-9FBF-86B216ADF2B6}"
EndProject
Global
	GlobalSection(SolutionConfigurationPlatforms) = preSolution
		Debug|Win32 = Debug|Win32
		Release|Win32 = Release|Win32
	EndGlobalSection
	GlobalSection(ProjectConfigurationPlatforms) = postSolution
		{D25C60DE-6929-9C90-9FBF-86B216ADF2B6}.Debug|Win32.ActiveCfg = Debug|Win32
		{D25C60DE-6929-9C90-9FBF-86B216ADF2B6}.Debug|Win32.Build.0 = Debug|Win32
		{D25C60DE-6929-9C90-9FBF-86B216ADF2B6}.Release|Win32.ActiveCfg = Release|Win32
		{D25C60DE-6929-9C90-9FBF-86B216ADF2B6}.Release|Win32.Build.0 = Release|Win32
	EndGlobalSection
	GlobalSection(SolutionProperties) = preSolution
		HideSolutionNode = FALSE
	EndGlobalSection
EndGlobal
