<?xml version="1.0" encoding="utf-8"?>
<Project ToolsVersion="4.0" xmlns="http://schemas.microsoft.com/developer/msbuild/2003">
  <ItemGroup>
    <Filter Include="Source Files">
      <UniqueIdentifier>{0db6bd7c-e769-4a64-bbc8-2e286ca9fb74}</UniqueIdentifier>
      <Extensions>cpp;c;cxx;rc;def;r;odl;idl;hpj;bat</Extensions>
    </Filter>
    <Filter Include="Header Files">
      <UniqueIdentifier>{95b1d1e5-279e-4207-a51d-1659fdf9cdec}</UniqueIdentifier>
      <Extensions>h;hpp;hxx;hm;inl</Extensions>
    </Filter>
    <Filter Include="Resource Files">
      <UniqueIdentifier>{a7e0fa3b-9258-47f9-bcb2-773bf4a5e9e3}</UniqueIdentifier>
      <Extensions>ico;cur;bmp;dlg;rc2;rct;bin;rgs;gif;jpg;jpeg;jpe</Extensions>
    </Filter>
    <Filter Include="c3dEngine">
      <UniqueIdentifier>{61f4f26b-d698-4110-a29a-b42d040bb166}</UniqueIdentifier>
    </Filter>
    <Filter Include="singleCellGame">
      <UniqueIdentifier>{61745728-7300-409a-8a1b-2051f0dc9978}</UniqueIdentifier>
    </Filter>
    <Filter Include="extension">
      <UniqueIdentifier>{aa58841c-48ac-4ea0-a33f-efabec87f9b7}</UniqueIdentifier>
    </Filter>
    <Filter Include="c3dEngine\win32">
      <UniqueIdentifier>{812c1c98-637c-4041-93eb-85def13ed6a4}</UniqueIdentifier>
    </Filter>
    <Filter Include="c3dEngine\win32\GL">
      <UniqueIdentifier>{875c8330-80ae-4f73-9abb-9657e0347392}</UniqueIdentifier>
    </Filter>
    <Filter Include="c3dEngine\win32\AL">
      <UniqueIdentifier>{534e99a1-5ff4-48d7-bcc4-42328e80d32a}</UniqueIdentifier>
    </Filter>
    <Filter Include="c3dEngine\win32\libpng">
      <UniqueIdentifier>{cca87ef4-5fca-4896-9234-dc93c6882d86}</UniqueIdentifier>
    </Filter>
    <Filter Include="c3dEngine\win32\zlib">
      <UniqueIdentifier>{ea84503b-c46f-4fd2-8296-ae8664bddb39}</UniqueIdentifier>
    </Filter>
    <Filter Include="c3dEngine\win32\appFrame">
      <UniqueIdentifier>{a3444d3b-9e79-49cb-b20f-c54eea103842}</UniqueIdentifier>
    </Filter>
  </ItemGroup>
  <ItemGroup>
    <ClCompile Include="..\singleCellGame\funcs\changeNodeComponents.cpp">
      <Filter>singleCellGame</Filter>
    </ClCompile>
    <ClCompile Include="..\singleCellGame\funcs\collisionWithModelAtTriLevel.cpp">
      <Filter>singleCellGame</Filter>
    </ClCompile>
    <ClCompile Include="..\singleCellGame\funcs\initGame.cpp">
      <Filter>singleCellGame</Filter>
    </ClCompile>
    <ClCompile Include="..\singleCellGame\funcs\loadInfo.cpp">
      <Filter>singleCellGame</Filter>
    </ClCompile>
    <ClCompile Include="..\singleCellGame\funcs\makeTemplate.cpp">
      <Filter>singleCellGame</Filter>
    </ClCompile>
    <ClCompile Include="..\singleCellGame\funcs\myFunc.cpp">
      <Filter>singleCellGame</Filter>
    </ClCompile>
    <ClCompile Include="..\singleCellGame\funcs\passUnifoCallBack.cpp">
      <Filter>singleCellGame</Filter>
    </ClCompile>
    <ClCompile Include="..\singleCellGame\funcs\programSetUp.cpp">
      <Filter>singleCellGame</Filter>
    </ClCompile>
    <ClCompile Include="..\singleCellGame\gameObjs\archScene.cpp">
      <Filter>singleCellGame</Filter>
    </ClCompile>
    <ClCompile Include="..\singleCellGame\gameObjs\backGroundMusicCube.cpp">
      <Filter>singleCellGame</Filter>
    </ClCompile>
    <ClCompile Include="..\singleCellGame\gameObjs\blast.cpp">
      <Filter>singleCellGame</Filter>
    </ClCompile>
    <ClCompile Include="..\singleCellGame\gameObjs\bossCell.cpp">
      <Filter>singleCellGame</Filter>
    </ClCompile>
    <ClCompile Include="..\singleCellGame\gameObjs\bubble.cpp">
      <Filter>singleCellGame</Filter>
    </ClCompile>
    <ClCompile Include="..\singleCellGame\gameObjs\cell.cpp">
      <Filter>singleCellGame</Filter>
    </ClCompile>
    <ClCompile Include="..\singleCellGame\gameObjs\fakeLight.cpp">
      <Filter>singleCellGame</Filter>
    </ClCompile>
    <ClCompile Include="..\singleCellGame\gameObjs\ground.cpp">
      <Filter>singleCellGame</Filter>
    </ClCompile>
    <ClCompile Include="..\singleCellGame\gameObjs\key.cpp">
      <Filter>singleCellGame</Filter>
    </ClCompile>
    <ClCompile Include="..\singleCellGame\gameObjs\meteor.cpp">
      <Filter>singleCellGame</Filter>
    </ClCompile>
    <ClCompile Include="..\singleCellGame\gameObjs\mobilePlatform.cpp">
      <Filter>singleCellGame</Filter>
    </ClCompile>
    <ClCompile Include="..\singleCellGame\gameObjs\molecule.cpp">
      <Filter>singleCellGame</Filter>
    </ClCompile>
    <ClCompile Include="..\singleCellGame\gameObjs\progressBar.cpp">
      <Filter>singleCellGame</Filter>
    </ClCompile>
    <ClCompile Include="..\singleCellGame\gameObjs\seabed.cpp">
      <Filter>singleCellGame</Filter>
    </ClCompile>
    <ClCompile Include="..\singleCellGame\gameObjs\ship.cpp">
      <Filter>singleCellGame</Filter>
    </ClCompile>
    <ClCompile Include="..\singleCellGame\gameObjs\shotBall.cpp">
      <Filter>singleCellGame</Filter>
    </ClCompile>
    <ClCompile Include="..\singleCellGame\gameObjs\sky.cpp">
      <Filter>singleCellGame</Filter>
    </ClCompile>
    <ClCompile Include="..\singleCellGame\gameObjs\sprite.cpp">
      <Filter>singleCellGame</Filter>
    </ClCompile>
    <ClCompile Include="..\singleCellGame\gameObjs\water.cpp">
      <Filter>singleCellGame</Filter>
    </ClCompile>
    <ClCompile Include="..\singleCellGame\global\define.cpp">
      <Filter>singleCellGame</Filter>
    </ClCompile>
    <ClCompile Include="..\singleCellGame\global\gameSettings.cpp">
      <Filter>singleCellGame</Filter>
    </ClCompile>
    <ClCompile Include="..\singleCellGame\global\gameState.cpp">
      <Filter>singleCellGame</Filter>
    </ClCompile>
    <ClCompile Include="..\singleCellGame\global\globalVars.cpp">
      <Filter>singleCellGame</Filter>
    </ClCompile>
    <ClCompile Include="..\singleCellGame\otherObjs\checkPoint.cpp">
      <Filter>singleCellGame</Filter>
    </ClCompile>
    <ClCompile Include="..\singleCellGame\otherObjs\collisonGrid.cpp">
      <Filter>singleCellGame</Filter>
    </ClCompile>
    <ClCompile Include="..\singleCellGame\otherObjs\environmentInfo.cpp">
      <Filter>singleCellGame</Filter>
    </ClCompile>
    <ClCompile Include="..\singleCellGame\otherObjs\life.cpp">
      <Filter>singleCellGame</Filter>
    </ClCompile>
    <ClCompile Include="..\singleCellGame\otherObjs\shadowMapInfo.cpp">
      <Filter>singleCellGame</Filter>
    </ClCompile>
    <ClCompile Include="..\singleCellGame\otherObjs\timeCounter.cpp">
      <Filter>singleCellGame</Filter>
    </ClCompile>
    <ClCompile Include="..\singleCellGame\otherObjs\userConfig.cpp">
      <Filter>singleCellGame</Filter>
    </ClCompile>
    <ClCompile Include="..\singleCellGame\pages\aboutPage.cpp">
      <Filter>singleCellGame</Filter>
    </ClCompile>
    <ClCompile Include="..\singleCellGame\pages\descPage.cpp">
      <Filter>singleCellGame</Filter>
    </ClCompile>
    <ClCompile Include="..\singleCellGame\pages\descPage2.cpp">
      <Filter>singleCellGame</Filter>
    </ClCompile>
    <ClCompile Include="..\singleCellGame\pages\descPage3.cpp">
      <Filter>singleCellGame</Filter>
    </ClCompile>
    <ClCompile Include="..\singleCellGame\pages\endPage.cpp">
      <Filter>singleCellGame</Filter>
    </ClCompile>
    <ClCompile Include="..\singleCellGame\pages\gameOverPage.cpp">
      <Filter>singleCellGame</Filter>
    </ClCompile>
    <ClCompile Include="..\singleCellGame\pages\homePage.cpp">
      <Filter>singleCellGame</Filter>
    </ClCompile>
    <ClCompile Include="..\singleCellGame\pages\loadingPage.cpp">
      <Filter>singleCellGame</Filter>
    </ClCompile>
    <ClCompile Include="..\singleCellGame\pages\menuPage.cpp">
      <Filter>singleCellGame</Filter>
    </ClCompile>
    <ClCompile Include="..\singleCellGame\pages\pausePage.cpp">
      <Filter>singleCellGame</Filter>
    </ClCompile>
    <ClCompile Include="..\singleCellGame\pages\playingPage.cpp">
      <Filter>singleCellGame</Filter>
    </ClCompile>
    <ClCompile Include="..\singleCellGame\pages\playingPageLogic.cpp">
      <Filter>singleCellGame</Filter>
    </ClCompile>
    <ClCompile Include="..\singleCellGame\pages\settingPage.cpp">
      <Filter>singleCellGame</Filter>
    </ClCompile>
    <ClCompile Include="..\singleCellGame\pages\startPage.cpp">
      <Filter>singleCellGame</Filter>
    </ClCompile>
    <ClCompile Include="..\singleCellGame\pages\succedPage.cpp">
      <Filter>singleCellGame</Filter>
    </ClCompile>
    <ClCompile Include="..\singleCellGame\pages\viewingTipPage.cpp">
      <Filter>singleCellGame</Filter>
    </ClCompile>
    <ClCompile Include="..\..\..\c3dEngine\common\c3dCommonFunc.cpp">
      <Filter>c3dEngine</Filter>
    </ClCompile>
    <ClCompile Include="..\..\..\c3dEngine\common\c3dPathFunc.cpp">
      <Filter>c3dEngine</Filter>
    </ClCompile>
    <ClCompile Include="..\..\..\c3dEngine\core\c3dActor.cpp">
      <Filter>c3dEngine</Filter>
    </ClCompile>
    <ClCompile Include="..\..\..\c3dEngine\core\c3dActorSet.cpp">
      <Filter>c3dEngine</Filter>
    </ClCompile>
    <ClCompile Include="..\..\..\c3dEngine\core\c3dALBuffer.cpp">
      <Filter>c3dEngine</Filter>
    </ClCompile>
    <ClCompile Include="..\..\..\c3dEngine\core\c3dALdebug.cpp">
      <Filter>c3dEngine</Filter>
    </ClCompile>
    <ClCompile Include="..\..\..\c3dEngine\core\c3dALSource.cpp">
      <Filter>c3dEngine</Filter>
    </ClCompile>
    <ClCompile Include="..\..\..\c3dEngine\core\c3dAppState.cpp">
      <Filter>c3dEngine</Filter>
    </ClCompile>
    <ClCompile Include="..\..\..\c3dEngine\core\c3dAssert.cpp">
      <Filter>c3dEngine</Filter>
    </ClCompile>
    <ClCompile Include="..\..\..\c3dEngine\core\c3dAudioCache.cpp">
      <Filter>c3dEngine</Filter>
    </ClCompile>
    <ClCompile Include="..\..\..\c3dEngine\core\c3dAutoreleasePool.cpp">
      <Filter>c3dEngine</Filter>
    </ClCompile>
    <ClCompile Include="..\..\..\c3dEngine\core\c3dCamera.cpp">
      <Filter>c3dEngine</Filter>
    </ClCompile>
    <ClCompile Include="..\..\..\c3dEngine\core\c3dDefine.cpp">
      <Filter>c3dEngine</Filter>
    </ClCompile>
    <ClCompile Include="..\..\..\c3dEngine\core\c3dDeviceAndOSInfo.cpp">
      <Filter>c3dEngine</Filter>
    </ClCompile>
    <ClCompile Include="..\..\..\c3dEngine\core\c3dDocuments.cpp">
      <Filter>c3dEngine</Filter>
    </ClCompile>
    <ClCompile Include="..\..\..\c3dEngine\core\c3dFbo.cpp">
      <Filter>c3dEngine</Filter>
    </ClCompile>
    <ClCompile Include="..\..\..\c3dEngine\core\c3dFileUtils.cpp">
      <Filter>c3dEngine</Filter>
    </ClCompile>
    <ClCompile Include="..\..\..\c3dEngine\core\c3dGeoMath.cpp">
      <Filter>c3dEngine</Filter>
    </ClCompile>
    <ClCompile Include="..\..\..\c3dEngine\core\c3dGestureAnalyzer.cpp">
      <Filter>c3dEngine</Filter>
    </ClCompile>
    <ClCompile Include="..\..\..\c3dEngine\core\c3dGLdebug.cpp">
      <Filter>c3dEngine</Filter>
    </ClCompile>
    <ClCompile Include="..\..\..\c3dEngine\core\c3dGLMath.cpp">
      <Filter>c3dEngine</Filter>
    </ClCompile>
    <ClCompile Include="..\..\..\c3dEngine\core\c3dIDtriangle.cpp">
      <Filter>c3dEngine</Filter>
    </ClCompile>
    <ClCompile Include="..\..\..\c3dEngine\core\c3dIndexVBO.cpp">
      <Filter>c3dEngine</Filter>
    </ClCompile>
    <ClCompile Include="..\..\..\c3dEngine\core\c3dLight.cpp">
      <Filter>c3dEngine</Filter>
    </ClCompile>
    <ClCompile Include="..\..\..\c3dEngine\core\c3dLog.cpp">
      <Filter>c3dEngine</Filter>
    </ClCompile>
    <ClCompile Include="..\..\..\c3dEngine\core\c3dMaterial.cpp">
      <Filter>c3dEngine</Filter>
    </ClCompile>
    <ClCompile Include="..\..\..\c3dEngine\core\c3dMath.cpp">
      <Filter>c3dEngine</Filter>
    </ClCompile>
    <ClCompile Include="..\..\..\c3dEngine\core\c3dMatrix.cpp">
      <Filter>c3dEngine</Filter>
    </ClCompile>
    <ClCompile Include="..\..\..\c3dEngine\core\c3dMeshData.cpp">
      <Filter>c3dEngine</Filter>
    </ClCompile>
    <ClCompile Include="..\..\..\c3dEngine\core\c3dModelMatStack.cpp">
      <Filter>c3dEngine</Filter>
    </ClCompile>
    <ClCompile Include="..\..\..\c3dEngine\core\c3dNode.cpp">
      <Filter>c3dEngine</Filter>
    </ClCompile>
    <ClCompile Include="..\..\..\c3dEngine\core\c3dObject.cpp">
      <Filter>c3dEngine</Filter>
    </ClCompile>
    <ClCompile Include="..\..\..\c3dEngine\core\c3dPlane.cpp">
      <Filter>c3dEngine</Filter>
    </ClCompile>
    <ClCompile Include="..\..\..\c3dEngine\core\c3dProgram.cpp">
      <Filter>c3dEngine</Filter>
    </ClCompile>
    <ClCompile Include="..\..\..\c3dEngine\core\c3dProgramCache.cpp">
      <Filter>c3dEngine</Filter>
    </ClCompile>
    <ClCompile Include="..\..\..\c3dEngine\core\c3dRange.cpp">
      <Filter>c3dEngine</Filter>
    </ClCompile>
    <ClCompile Include="..\..\..\c3dEngine\core\c3dRect.cpp">
      <Filter>c3dEngine</Filter>
    </ClCompile>
    <ClCompile Include="..\..\..\c3dEngine\core\c3dSceneManger.cpp">
      <Filter>c3dEngine</Filter>
    </ClCompile>
    <ClCompile Include="..\..\..\c3dEngine\core\c3dSpan.cpp">
      <Filter>c3dEngine</Filter>
    </ClCompile>
    <ClCompile Include="..\..\..\c3dEngine\core\c3dTexture.cpp">
      <Filter>c3dEngine</Filter>
    </ClCompile>
    <ClCompile Include="..\..\..\c3dEngine\core\c3dTextureCache.cpp">
      <Filter>c3dEngine</Filter>
    </ClCompile>
    <ClCompile Include="..\..\..\c3dEngine\core\c3dTimeCounter.cpp">
      <Filter>c3dEngine</Filter>
    </ClCompile>
    <ClCompile Include="..\..\..\c3dEngine\core\c3dTouchSequence.cpp">
      <Filter>c3dEngine</Filter>
    </ClCompile>
    <ClCompile Include="..\..\..\c3dEngine\core\c3dTransform.cpp">
      <Filter>c3dEngine</Filter>
    </ClCompile>
    <ClCompile Include="..\..\..\c3dEngine\core\c3dVector.cpp">
      <Filter>c3dEngine</Filter>
    </ClCompile>
    <ClCompile Include="..\..\..\c3dEngine\core\c3dVertex.cpp">
      <Filter>c3dEngine</Filter>
    </ClCompile>
    <ClCompile Include="..\..\..\c3dEngine\platform\win32\c3dALPlatformDepend.cpp">
      <Filter>c3dEngine\win32</Filter>
    </ClCompile>
    <ClCompile Include="..\..\..\c3dEngine\platform\win32\c3dDeviceAndOSInfoPlatformDepend.cpp">
      <Filter>c3dEngine\win32</Filter>
    </ClCompile>
    <ClCompile Include="..\..\..\c3dEngine\platform\win32\c3dDocumentsPlatformDepend.cpp">
      <Filter>c3dEngine\win32</Filter>
    </ClCompile>
    <ClCompile Include="..\..\..\c3dEngine\platform\win32\c3dImage.cpp">
      <Filter>c3dEngine\win32</Filter>
    </ClCompile>
    <ClCompile Include="..\..\..\c3dEngine\platform\win32\c3dPathPlatformDepend.cpp">
      <Filter>c3dEngine\win32</Filter>
    </ClCompile>
    <ClCompile Include="..\..\..\c3dEngine\platform\win32\c3dProgramPlatformDepend.cpp">
      <Filter>c3dEngine\win32</Filter>
    </ClCompile>
    <ClCompile Include="..\..\..\c3dEngine\platform\win32\c3dTexturePlatformDepend.cpp">
      <Filter>c3dEngine\win32</Filter>
    </ClCompile>
    <ClCompile Include="..\..\..\c3dEngine\platform\win32\appFrame\mainWindow.cpp">
      <Filter>c3dEngine\win32\appFrame</Filter>
    </ClCompile>
    <ClCompile Include="..\..\..\c3dEngine\platform\win32\appFrame\mainWindowFuncs.cpp">
      <Filter>c3dEngine\win32\appFrame</Filter>
    </ClCompile>
    <ClCompile Include="..\..\..\c3dEngine\platform\win32\appFrame\mainWindowGlobal.cpp">
      <Filter>c3dEngine\win32\appFrame</Filter>
    </ClCompile>
    <ClCompile Include="..\..\..\extension\geometry\geoMath.cpp">
      <Filter>extension</Filter>
    </ClCompile>
    <ClCompile Include="..\..\..\extension\octree\octree.cpp">
      <Filter>extension</Filter>
    </ClCompile>
    <ClCompile Include="..\..\..\extension\octree\triangleWithNorm.cpp">
      <Filter>extension</Filter>
    </ClCompile>
    <ClCompile Include="..\..\..\extension\terrain\terrain.cpp">
      <Filter>extension</Filter>
    </ClCompile>
    <ClCompile Include="..\..\..\c3dEngine\core\c3dSubMesh.cpp">
      <Filter>c3dEngine</Filter>
    </ClCompile>
    <ClCompile Include="..\..\..\c3dEngine\core\c3dMesh.cpp">
      <Filter>c3dEngine</Filter>
    </ClCompile>
    <ClCompile Include="..\..\..\c3dEngine\core\c3dModel.cpp">
      <Filter>c3dEngine</Filter>
    </ClCompile>
  </ItemGroup>
  <ItemGroup>
    <ResourceCompile Include="Script1.rc">
      <Filter>Resource Files</Filter>
    </ResourceCompile>
  </ItemGroup>
  <ItemGroup>
    <ClInclude Include="..\singleCellGame\funcs\changeNodeComponents.h">
      <Filter>singleCellGame</Filter>
    </ClInclude>
    <ClInclude Include="..\singleCellGame\funcs\collisionWithModelAtTriLevel.h">
      <Filter>singleCellGame</Filter>
    </ClInclude>
    <ClInclude Include="..\singleCellGame\funcs\initGame.h">
      <Filter>singleCellGame</Filter>
    </ClInclude>
    <ClInclude Include="..\singleCellGame\funcs\loadInfo.h">
      <Filter>singleCellGame</Filter>
    </ClInclude>
    <ClInclude Include="..\singleCellGame\funcs\makeTemplate.h">
      <Filter>singleCellGame</Filter>
    </ClInclude>
    <ClInclude Include="..\singleCellGame\funcs\myFunc.h">
      <Filter>singleCellGame</Filter>
    </ClInclude>
    <ClInclude Include="..\singleCellGame\funcs\passUnifoCallBack.h">
      <Filter>singleCellGame</Filter>
    </ClInclude>
    <ClInclude Include="..\singleCellGame\funcs\programSetUp.h">
      <Filter>singleCellGame</Filter>
    </ClInclude>
    <ClInclude Include="..\singleCellGame\gameObjs\archScene.h">
      <Filter>singleCellGame</Filter>
    </ClInclude>
    <ClInclude Include="..\singleCellGame\gameObjs\backGroundMusicCube.h">
      <Filter>singleCellGame</Filter>
    </ClInclude>
    <ClInclude Include="..\singleCellGame\gameObjs\blast.h">
      <Filter>singleCellGame</Filter>
    </ClInclude>
    <ClInclude Include="..\singleCellGame\gameObjs\bossCell.h">
      <Filter>singleCellGame</Filter>
    </ClInclude>
    <ClInclude Include="..\singleCellGame\gameObjs\bubble.h">
      <Filter>singleCellGame</Filter>
    </ClInclude>
    <ClInclude Include="..\singleCellGame\gameObjs\cell.h">
      <Filter>singleCellGame</Filter>
    </ClInclude>
    <ClInclude Include="..\singleCellGame\gameObjs\fakeLight.h">
      <Filter>singleCellGame</Filter>
    </ClInclude>
    <ClInclude Include="..\singleCellGame\gameObjs\ground.h">
      <Filter>singleCellGame</Filter>
    </ClInclude>
    <ClInclude Include="..\singleCellGame\gameObjs\key.h">
      <Filter>singleCellGame</Filter>
    </ClInclude>
    <ClInclude Include="..\singleCellGame\gameObjs\meteor.h">
      <Filter>singleCellGame</Filter>
    </ClInclude>
    <ClInclude Include="..\singleCellGame\gameObjs\mobilePlatform.h">
      <Filter>singleCellGame</Filter>
    </ClInclude>
    <ClInclude Include="..\singleCellGame\gameObjs\molecule.h">
      <Filter>singleCellGame</Filter>
    </ClInclude>
    <ClInclude Include="..\singleCellGame\gameObjs\progressBar.h">
      <Filter>singleCellGame</Filter>
    </ClInclude>
    <ClInclude Include="..\singleCellGame\gameObjs\seabed.h">
      <Filter>singleCellGame</Filter>
    </ClInclude>
    <ClInclude Include="..\singleCellGame\gameObjs\ship.h">
      <Filter>singleCellGame</Filter>
    </ClInclude>
    <ClInclude Include="..\singleCellGame\gameObjs\shotBall.h">
      <Filter>singleCellGame</Filter>
    </ClInclude>
    <ClInclude Include="..\singleCellGame\gameObjs\sky.h">
      <Filter>singleCellGame</Filter>
    </ClInclude>
    <ClInclude Include="..\singleCellGame\gameObjs\sprite.h">
      <Filter>singleCellGame</Filter>
    </ClInclude>
    <ClInclude Include="..\singleCellGame\gameObjs\water.h">
      <Filter>singleCellGame</Filter>
    </ClInclude>
    <ClInclude Include="..\singleCellGame\global\define.h">
      <Filter>singleCellGame</Filter>
    </ClInclude>
    <ClInclude Include="..\singleCellGame\global\gameSettings.h">
      <Filter>singleCellGame</Filter>
    </ClInclude>
    <ClInclude Include="..\singleCellGame\global\gameState.h">
      <Filter>singleCellGame</Filter>
    </ClInclude>
    <ClInclude Include="..\singleCellGame\global\globalVars.h">
      <Filter>singleCellGame</Filter>
    </ClInclude>
    <ClInclude Include="..\singleCellGame\otherObjs\checkPoint.h">
      <Filter>singleCellGame</Filter>
    </ClInclude>
    <ClInclude Include="..\singleCellGame\otherObjs\collisonGrid.h">
      <Filter>singleCellGame</Filter>
    </ClInclude>
    <ClInclude Include="..\singleCellGame\otherObjs\environmentInfo.h">
      <Filter>singleCellGame</Filter>
    </ClInclude>
    <ClInclude Include="..\singleCellGame\otherObjs\life.h">
      <Filter>singleCellGame</Filter>
    </ClInclude>
    <ClInclude Include="..\singleCellGame\otherObjs\shadowMapInfo.h">
      <Filter>singleCellGame</Filter>
    </ClInclude>
    <ClInclude Include="..\singleCellGame\otherObjs\timeCounter.h">
      <Filter>singleCellGame</Filter>
    </ClInclude>
    <ClInclude Include="..\singleCellGame\otherObjs\userConfig.h">
      <Filter>singleCellGame</Filter>
    </ClInclude>
    <ClInclude Include="..\singleCellGame\pages\aboutPage.h">
      <Filter>singleCellGame</Filter>
    </ClInclude>
    <ClInclude Include="..\singleCellGame\pages\descPage.h">
      <Filter>singleCellGame</Filter>
    </ClInclude>
    <ClInclude Include="..\singleCellGame\pages\descPage2.h">
      <Filter>singleCellGame</Filter>
    </ClInclude>
    <ClInclude Include="..\singleCellGame\pages\descPage3.h">
      <Filter>singleCellGame</Filter>
    </ClInclude>
    <ClInclude Include="..\singleCellGame\pages\endPage.h">
      <Filter>singleCellGame</Filter>
    </ClInclude>
    <ClInclude Include="..\singleCellGame\pages\gameOverPage.h">
      <Filter>singleCellGame</Filter>
    </ClInclude>
    <ClInclude Include="..\singleCellGame\pages\homePage.h">
      <Filter>singleCellGame</Filter>
    </ClInclude>
    <ClInclude Include="..\singleCellGame\pages\loadingPage.h">
      <Filter>singleCellGame</Filter>
    </ClInclude>
    <ClInclude Include="..\singleCellGame\pages\menuPage.h">
      <Filter>singleCellGame</Filter>
    </ClInclude>
    <ClInclude Include="..\singleCellGame\pages\pausePage.h">
      <Filter>singleCellGame</Filter>
    </ClInclude>
    <ClInclude Include="..\singleCellGame\pages\playingPage.h">
      <Filter>singleCellGame</Filter>
    </ClInclude>
    <ClInclude Include="..\singleCellGame\pages\playingPageLogic.h">
      <Filter>singleCellGame</Filter>
    </ClInclude>
    <ClInclude Include="..\singleCellGame\pages\settingPage.h">
      <Filter>singleCellGame</Filter>
    </ClInclude>
    <ClInclude Include="..\singleCellGame\pages\startPage.h">
      <Filter>singleCellGame</Filter>
    </ClInclude>
    <ClInclude Include="..\singleCellGame\pages\succedPage.h">
      <Filter>singleCellGame</Filter>
    </ClInclude>
    <ClInclude Include="..\singleCellGame\pages\viewingTipPage.h">
      <Filter>singleCellGame</Filter>
    </ClInclude>
    <ClInclude Include="resource.h">
      <Filter>Header Files</Filter>
    </ClInclude>
    <ClInclude Include="..\..\..\c3dEngine\common\c3dAL.h">
      <Filter>c3dEngine</Filter>
    </ClInclude>
    <ClInclude Include="..\..\..\c3dEngine\common\c3dCommonFunc.h">
      <Filter>c3dEngine</Filter>
    </ClInclude>
    <ClInclude Include="..\..\..\c3dEngine\common\c3dGL.h">
      <Filter>c3dEngine</Filter>
    </ClInclude>
    <ClInclude Include="..\..\..\c3dEngine\common\c3dPathFunc.h">
      <Filter>c3dEngine</Filter>
    </ClInclude>
    <ClInclude Include="..\..\..\c3dEngine\core\c3dActor.h">
      <Filter>c3dEngine</Filter>
    </ClInclude>
    <ClInclude Include="..\..\..\c3dEngine\core\c3dActorSet.h">
      <Filter>c3dEngine</Filter>
    </ClInclude>
    <ClInclude Include="..\..\..\c3dEngine\core\c3dALBuffer.h">
      <Filter>c3dEngine</Filter>
    </ClInclude>
    <ClInclude Include="..\..\..\c3dEngine\core\c3dALdebug.h">
      <Filter>c3dEngine</Filter>
    </ClInclude>
    <ClInclude Include="..\..\..\c3dEngine\core\c3dALSource.h">
      <Filter>c3dEngine</Filter>
    </ClInclude>
    <ClInclude Include="..\..\..\c3dEngine\core\c3dAppState.h">
      <Filter>c3dEngine</Filter>
    </ClInclude>
    <ClInclude Include="..\..\..\c3dEngine\core\c3dAssert.h">
      <Filter>c3dEngine</Filter>
    </ClInclude>
    <ClInclude Include="..\..\..\c3dEngine\core\c3dAudioCache.h">
      <Filter>c3dEngine</Filter>
    </ClInclude>
    <ClInclude Include="..\..\..\c3dEngine\core\c3dAutoreleasePool.h">
      <Filter>c3dEngine</Filter>
    </ClInclude>
    <ClInclude Include="..\..\..\c3dEngine\core\c3dCamera.h">
      <Filter>c3dEngine</Filter>
    </ClInclude>
    <ClInclude Include="..\..\..\c3dEngine\core\c3dDefine.h">
      <Filter>c3dEngine</Filter>
    </ClInclude>
    <ClInclude Include="..\..\..\c3dEngine\core\c3dDeviceAndOSInfo.h">
      <Filter>c3dEngine</Filter>
    </ClInclude>
    <ClInclude Include="..\..\..\c3dEngine\core\c3dDocuments.h">
      <Filter>c3dEngine</Filter>
    </ClInclude>
    <ClInclude Include="..\..\..\c3dEngine\core\c3dFbo.h">
      <Filter>c3dEngine</Filter>
    </ClInclude>
    <ClInclude Include="..\..\..\c3dEngine\core\c3dFileUtils.h">
      <Filter>c3dEngine</Filter>
    </ClInclude>
    <ClInclude Include="..\..\..\c3dEngine\core\c3dGeoMath.h">
      <Filter>c3dEngine</Filter>
    </ClInclude>
    <ClInclude Include="..\..\..\c3dEngine\core\c3dGestureAnalyzer.h">
      <Filter>c3dEngine</Filter>
    </ClInclude>
    <ClInclude Include="..\..\..\c3dEngine\core\c3dGLdebug.h">
      <Filter>c3dEngine</Filter>
    </ClInclude>
    <ClInclude Include="..\..\..\c3dEngine\core\c3dGLMath.h">
      <Filter>c3dEngine</Filter>
    </ClInclude>
    <ClInclude Include="..\..\..\c3dEngine\core\c3dIDtriangle.h">
      <Filter>c3dEngine</Filter>
    </ClInclude>
    <ClInclude Include="..\..\..\c3dEngine\core\c3dIndexVBO.h">
      <Filter>c3dEngine</Filter>
    </ClInclude>
    <ClInclude Include="..\..\..\c3dEngine\core\c3dLight.h">
      <Filter>c3dEngine</Filter>
    </ClInclude>
    <ClInclude Include="..\..\..\c3dEngine\core\c3dLog.h">
      <Filter>c3dEngine</Filter>
    </ClInclude>
    <ClInclude Include="..\..\..\c3dEngine\core\c3dMaterial.h">
      <Filter>c3dEngine</Filter>
    </ClInclude>
    <ClInclude Include="..\..\..\c3dEngine\core\c3dMath.h">
      <Filter>c3dEngine</Filter>
    </ClInclude>
    <ClInclude Include="..\..\..\c3dEngine\core\c3dMatrix.h">
      <Filter>c3dEngine</Filter>
    </ClInclude>
    <ClInclude Include="..\..\..\c3dEngine\core\c3dMeshData.h">
      <Filter>c3dEngine</Filter>
    </ClInclude>
    <ClInclude Include="..\..\..\c3dEngine\core\c3dModelMatStack.h">
      <Filter>c3dEngine</Filter>
    </ClInclude>
    <ClInclude Include="..\..\..\c3dEngine\core\c3dNode.h">
      <Filter>c3dEngine</Filter>
    </ClInclude>
    <ClInclude Include="..\..\..\c3dEngine\core\c3dObject.h">
      <Filter>c3dEngine</Filter>
    </ClInclude>
    <ClInclude Include="..\..\..\c3dEngine\core\c3dPlane.h">
      <Filter>c3dEngine</Filter>
    </ClInclude>
    <ClInclude Include="..\..\..\c3dEngine\core\c3dProgram.h">
      <Filter>c3dEngine</Filter>
    </ClInclude>
    <ClInclude Include="..\..\..\c3dEngine\core\c3dProgramCache.h">
      <Filter>c3dEngine</Filter>
    </ClInclude>
    <ClInclude Include="..\..\..\c3dEngine\core\c3dRange.h">
      <Filter>c3dEngine</Filter>
    </ClInclude>
    <ClInclude Include="..\..\..\c3dEngine\core\c3dRect.h">
      <Filter>c3dEngine</Filter>
    </ClInclude>
    <ClInclude Include="..\..\..\c3dEngine\core\c3dSceneManger.h">
      <Filter>c3dEngine</Filter>
    </ClInclude>
    <ClInclude Include="..\..\..\c3dEngine\core\c3dSpan.h">
      <Filter>c3dEngine</Filter>
    </ClInclude>
    <ClInclude Include="..\..\..\c3dEngine\core\c3dTexture.h">
      <Filter>c3dEngine</Filter>
    </ClInclude>
    <ClInclude Include="..\..\..\c3dEngine\core\c3dTextureCache.h">
      <Filter>c3dEngine</Filter>
    </ClInclude>
    <ClInclude Include="..\..\..\c3dEngine\core\c3dTimeCounter.h">
      <Filter>c3dEngine</Filter>
    </ClInclude>
    <ClInclude Include="..\..\..\c3dEngine\core\c3dTouchSequence.h">
      <Filter>c3dEngine</Filter>
    </ClInclude>
    <ClInclude Include="..\..\..\c3dEngine\core\c3dTransform.h">
      <Filter>c3dEngine</Filter>
    </ClInclude>
    <ClInclude Include="..\..\..\c3dEngine\core\c3dVector.h">
      <Filter>c3dEngine</Filter>
    </ClInclude>
    <ClInclude Include="..\..\..\c3dEngine\core\c3dVertex.h">
      <Filter>c3dEngine</Filter>
    </ClInclude>
    <ClInclude Include="..\..\..\c3dEngine\platform\win32\c3dALPlatformDepend.h">
      <Filter>c3dEngine\win32</Filter>
    </ClInclude>
    <ClInclude Include="..\..\..\c3dEngine\platform\win32\c3dDeviceAndOSInfoPlatformDepend.h">
      <Filter>c3dEngine\win32</Filter>
    </ClInclude>
    <ClInclude Include="..\..\..\c3dEngine\platform\win32\c3dDocumentsPlatformDepend.h">
      <Filter>c3dEngine\win32</Filter>
    </ClInclude>
    <ClInclude Include="..\..\..\c3dEngine\platform\win32\c3dImage.h">
      <Filter>c3dEngine\win32</Filter>
    </ClInclude>
    <ClInclude Include="..\..\..\c3dEngine\platform\win32\c3dPathPlatformDepend.h">
      <Filter>c3dEngine\win32</Filter>
    </ClInclude>
    <ClInclude Include="..\..\..\c3dEngine\platform\win32\c3dProgramPlatformDepend.h">
      <Filter>c3dEngine\win32</Filter>
    </ClInclude>
    <ClInclude Include="..\..\..\c3dEngine\platform\win32\c3dTexturePlatformDepend.h">
      <Filter>c3dEngine\win32</Filter>
    </ClInclude>
    <ClInclude Include="..\..\..\c3dEngine\platform\win32\zlib\zconf.h">
      <Filter>c3dEngine\win32\zlib</Filter>
    </ClInclude>
    <ClInclude Include="..\..\..\c3dEngine\platform\win32\zlib\zlib.h">
      <Filter>c3dEngine\win32\zlib</Filter>
    </ClInclude>
    <ClInclude Include="..\..\..\c3dEngine\platform\win32\OGLES\GL\glew.h">
      <Filter>c3dEngine\win32\GL</Filter>
    </ClInclude>
    <ClInclude Include="..\..\..\c3dEngine\platform\win32\OGLES\GL\glext.h">
      <Filter>c3dEngine\win32\GL</Filter>
    </ClInclude>
    <ClInclude Include="..\..\..\c3dEngine\platform\win32\OGLES\GL\glut.h">
      <Filter>c3dEngine\win32\GL</Filter>
    </ClInclude>
    <ClInclude Include="..\..\..\c3dEngine\platform\win32\OGLES\GL\glxew.h">
      <Filter>c3dEngine\win32\GL</Filter>
    </ClInclude>
    <ClInclude Include="..\..\..\c3dEngine\platform\win32\OGLES\GL\wglew.h">
      <Filter>c3dEngine\win32\GL</Filter>
    </ClInclude>
    <ClInclude Include="..\..\..\c3dEngine\platform\win32\libpng\png.h">
      <Filter>c3dEngine\win32\libpng</Filter>
    </ClInclude>
    <ClInclude Include="..\..\..\c3dEngine\platform\win32\libpng\pngconf.h">
      <Filter>c3dEngine\win32\libpng</Filter>
    </ClInclude>
    <ClInclude Include="..\..\..\c3dEngine\platform\win32\appFrame\mainWindowFuncs.h">
      <Filter>c3dEngine\win32\appFrame</Filter>
    </ClInclude>
    <ClInclude Include="..\..\..\c3dEngine\platform\win32\appFrame\mainWindowGlobal.h">
      <Filter>c3dEngine\win32\appFrame</Filter>
    </ClInclude>
    <ClInclude Include="..\..\..\c3dEngine\platform\win32\AL\al.h">
      <Filter>c3dEngine\win32\AL</Filter>
    </ClInclude>
    <ClInclude Include="..\..\..\c3dEngine\platform\win32\AL\alc.h">
      <Filter>c3dEngine\win32\AL</Filter>
    </ClInclude>
    <ClInclude Include="..\..\..\c3dEngine\platform\win32\AL\alut.h">
      <Filter>c3dEngine\win32\AL</Filter>
    </ClInclude>
    <ClInclude Include="..\..\..\c3dEngine\platform\win32\AL\efx-creative.h">
      <Filter>c3dEngine\win32\AL</Filter>
    </ClInclude>
    <ClInclude Include="..\..\..\c3dEngine\platform\win32\AL\EFX-Util.h">
      <Filter>c3dEngine\win32\AL</Filter>
    </ClInclude>
    <ClInclude Include="..\..\..\c3dEngine\platform\win32\AL\efx.h">
      <Filter>c3dEngine\win32\AL</Filter>
    </ClInclude>
    <ClInclude Include="..\..\..\c3dEngine\platform\win32\AL\xram.h">
      <Filter>c3dEngine\win32\AL</Filter>
    </ClInclude>
    <ClInclude Include="..\..\..\extension\geometry\geoMath.h">
      <Filter>extension</Filter>
    </ClInclude>
    <ClInclude Include="..\..\..\extension\octree\octree.h">
      <Filter>extension</Filter>
    </ClInclude>
    <ClInclude Include="..\..\..\extension\octree\triangleWithNorm.h">
      <Filter>extension</Filter>
    </ClInclude>
    <ClInclude Include="..\..\..\extension\terrain\terrain.h">
      <Filter>extension</Filter>
    </ClInclude>
    <ClInclude Include="..\..\..\c3dEngine\core\c3dSubMesh.h">
      <Filter>c3dEngine</Filter>
    </ClInclude>
    <ClInclude Include="..\..\..\c3dEngine\core\c3dMesh.h">
      <Filter>c3dEngine</Filter>
    </ClInclude>
    <ClInclude Include="..\..\..\c3dEngine\core\c3dModel.h">
      <Filter>c3dEngine</Filter>
    </ClInclude>
  </ItemGroup>
</Project>